
Microsoft Visual Studio Solution File, Format Version 12.00
# Visual Studio Version 17
VisualStudioVersion = 17.9.34622.214
MinimumVisualStudioVersion = 10.0.40219.1
Project("{FAE04EC0-301F-11D3-BF4B-00C04F79EFBC}") = "floratech", "floratech\floratech.csproj", "{FF58A46F-3B58-42E6-B1EA-86844CF4BF12}"
EndProject
Global
	GlobalSection(SolutionConfigurationPlatforms) = preSolution
		Debug|Any CPU = Debug|Any CPU
		Release|Any CPU = Release|Any CPU
	EndGlobalSection
	GlobalSection(ProjectConfigurationPlatforms) = postSolution
		{FF58A46F-3B58-42E6-B1EA-86844CF4BF12}.Debug|Any CPU.ActiveCfg = Debug|Any CPU
		{FF58A46F-3B58-42E6-B1EA-86844CF4BF12}.Debug|Any CPU.Build.0 = Debug|Any CPU
		{FF58A46F-3B58-42E6-B1EA-86844CF4BF12}.Release|Any CPU.ActiveCfg = Release|Any CPU
		{FF58A46F-3B58-42E6-B1EA-86844CF4BF12}.Release|Any CPU.Build.0 = Release|Any CPU
	EndGlobalSection
	GlobalSection(SolutionProperties) = preSolution
		HideSolutionNode = FALSE
	EndGlobalSection
	GlobalSection(ExtensibilityGlobals) = postSolution
		SolutionGuid = {DD010389-1E36-40E8-9561-9A8C026A07C9}
	EndGlobalSection
EndGlobal
